
Microsoft Visual Studio Solution File, Format Version 12.00
# Visual Studio 14
VisualStudioVersion = 14.0.25420.1
MinimumVisualStudioVersion = 10.0.40219.1
Project("{FAE04EC0-301F-11D3-BF4B-00C04F79EFBC}") = "WebScraping01-TianQi", "WebScraping01-TianQi\WebScraping01-TianQi.csproj", "{074FA2D5-E245-40CC-9899-EA8E4A9308AE}"
EndProject
Global
	GlobalSection(SolutionConfigurationPlatforms) = preSolution
		Debug|Any CPU = Debug|Any CPU
		Release|Any CPU = Release|Any CPU
	EndGlobalSection
	GlobalSection(ProjectConfigurationPlatforms) = postSolution
		{074FA2D5-E245-40CC-9899-EA8E4A9308AE}.Debug|Any CPU.ActiveCfg = Debug|Any CPU
		{074FA2D5-E245-40CC-9899-EA8E4A9308AE}.Debug|Any CPU.Build.0 = Debug|Any CPU
		{074FA2D5-E245-40CC-9899-EA8E4A9308AE}.Release|Any CPU.ActiveCfg = Release|Any CPU
		{074FA2D5-E245-40CC-9899-EA8E4A9308AE}.Release|Any CPU.Build.0 = Release|Any CPU
	EndGlobalSection
	GlobalSection(SolutionProperties) = preSolution
		HideSolutionNode = FALSE
	EndGlobalSection
EndGlobal
